
Microsoft Visual Studio Solution File, Format Version 12.00
# Visual Studio Version 17
VisualStudioVersion = 17.4.33103.184
MinimumVisualStudioVersion = 10.0.40219.1
Project("{FAE04EC0-301F-11D3-BF4B-00C04F79EFBC}") = "Reversi", "Reversi.csproj", "{46D930AD-FFE2-4312-A5F7-DD494A755C5A}"
EndProject
Global
	GlobalSection(SolutionConfigurationPlatforms) = preSolution
		Debug|Any CPU = Debug|Any CPU
		Release|Any CPU = Release|Any CPU
	EndGlobalSection
	GlobalSection(ProjectConfigurationPlatforms) = postSolution
		{46D930AD-FFE2-4312-A5F7-DD494A755C5A}.Debug|Any CPU.ActiveCfg = Debug|Any CPU
		{46D930AD-FFE2-4312-A5F7-DD494A755C5A}.Debug|Any CPU.Build.0 = Debug|Any CPU
		{46D930AD-FFE2-4312-A5F7-DD494A755C5A}.Release|Any CPU.ActiveCfg = Release|Any CPU
		{46D930AD-FFE2-4312-A5F7-DD494A755C5A}.Release|Any CPU.Build.0 = Release|Any CPU
	EndGlobalSection
	GlobalSection(SolutionProperties) = preSolution
		HideSolutionNode = FALSE
	EndGlobalSection
	GlobalSection(ExtensibilityGlobals) = postSolution
		SolutionGuid = {AF86ED30-941D-4473-93FB-8575187A626F}
	EndGlobalSection
EndGlobal
